
Microsoft Visual Studio Solution File, Format Version 12.00
# Visual Studio Version 17
VisualStudioVersion = 17.4.33110.190
MinimumVisualStudioVersion = 10.0.40219.1
Project("{2150E333-8FDC-42A3-9474-1A3956D46DE8}") = "Tests", "Tests", "{E2132E21-231B-4172-8CE0-2FCB1B6FD5FB}"
EndProject
Project("{2150E333-8FDC-42A3-9474-1A3956D46DE8}") = "Unit", "Unit", "{D1642594-449E-498A-95CF-CF2F9B9698AE}"
EndProject
Project("{2150E333-8FDC-42A3-9474-1A3956D46DE8}") = "Integration", "Integration", "{9871D9A4-037E-414E-BF01-1A5E9D6762FF}"
EndProject
Project("{2150E333-8FDC-42A3-9474-1A3956D46DE8}") = "Services", "Services", "{7D6942EF-7F6D-4F4E-80F8-266FD89D1270}"
EndProject
Project("{2150E333-8FDC-42A3-9474-1A3956D46DE8}") = "Shared", "Shared", "{006B400C-09A3-4CF3-8245-99A00CF9F578}"
EndProject
Project("{2150E333-8FDC-42A3-9474-1A3956D46DE8}") = "Services", "Services", "{B9A6AA09-F3DD-4959-8FD8-E33B7796CB79}"
EndProject
Project("{2150E333-8FDC-42A3-9474-1A3956D46DE8}") = "Functions", "Functions", "{3511343F-AEC7-4E8B-8A2B-2CA832B89C18}"
EndProject
Project("{2150E333-8FDC-42A3-9474-1A3956D46DE8}") = "Gateways", "Gateways", "{3AA6F247-1D94-4771-8F76-9CA57F561C2F}"
EndProject
Project("{9A19103F-16F7-4668-BE54-9A1E7A4F7556}") = "ReportAzureFunction", "Functions\ReportAzureFunction\ReportAzureFunction.csproj", "{DB817BCA-D17E-4F7B-A268-03BC287C197C}"
EndProject
Project("{9A19103F-16F7-4668-BE54-9A1E7A4F7556}") = "AuthService", "Services\AuthMicroService\AuthService.csproj", "{22F64A65-3915-4DC4-A0C3-38A5D66CC747}"
EndProject
Project("{9A19103F-16F7-4668-BE54-9A1E7A4F7556}") = "FridgesService", "Services\FridgesMicroService\FridgesService.csproj", "{D2CD32FF-8FAB-4FB6-B37D-AD1D7EF36EE8}"
EndProject
Project("{9A19103F-16F7-4668-BE54-9A1E7A4F7556}") = "ProductsService", "Services\ProductsMicroService\ProductsService.csproj", "{C0A3C3C3-FBC0-466C-B51B-F01D35BA751C}"
EndProject
Project("{9A19103F-16F7-4668-BE54-9A1E7A4F7556}") = "HealthChecks", "Services\HealthChecks\HealthChecks.csproj", "{2E0F9E0F-8217-4831-9312-6CC01EC51628}"
EndProject
Project("{9A19103F-16F7-4668-BE54-9A1E7A4F7556}") = "ApiGateway", "Gateways\ApiGateway\ApiGateway.csproj", "{14F44328-C3CB-4AFF-A661-E8143607F21D}"
EndProject
Project("{9A19103F-16F7-4668-BE54-9A1E7A4F7556}") = "FridgeManager.Shared", "Shared\FridgeManager.Shared.csproj", "{CFED8CF7-FAB8-404B-A516-761CEE0D6EF3}"
EndProject
Project("{9A19103F-16F7-4668-BE54-9A1E7A4F7556}") = "FridgeService.IntegrationTests", "Tests\FridgeService.IntegrationTests\FridgeService.IntegrationTests.csproj", "{0DBEF556-B415-423C-A811-84C58E4F8EE1}"
EndProject
Project("{9A19103F-16F7-4668-BE54-9A1E7A4F7556}") = "AuthService.IntegrationTests", "Tests\AuthMicroService.Tests\AuthService.IntegrationTests.csproj", "{C4F5BB20-8D36-4D49-A08E-E07D64DB0549}"
EndProject
Project("{9A19103F-16F7-4668-BE54-9A1E7A4F7556}") = "ProductsService.Tests", "Tests\ProductsMicroService.Tests\ProductsService.Tests.csproj", "{430BF5F2-AF6A-45EF-A5B7-3AA05C117B9A}"
EndProject
Global
	GlobalSection(SolutionConfigurationPlatforms) = preSolution
		Debug|Any CPU = Debug|Any CPU
		Release|Any CPU = Release|Any CPU
	EndGlobalSection
	GlobalSection(ProjectConfigurationPlatforms) = postSolution
		{DB817BCA-D17E-4F7B-A268-03BC287C197C}.Debug|Any CPU.ActiveCfg = Debug|Any CPU
		{DB817BCA-D17E-4F7B-A268-03BC287C197C}.Debug|Any CPU.Build.0 = Debug|Any CPU
		{DB817BCA-D17E-4F7B-A268-03BC287C197C}.Release|Any CPU.ActiveCfg = Release|Any CPU
		{DB817BCA-D17E-4F7B-A268-03BC287C197C}.Release|Any CPU.Build.0 = Release|Any CPU
		{22F64A65-3915-4DC4-A0C3-38A5D66CC747}.Debug|Any CPU.ActiveCfg = Debug|Any CPU
		{22F64A65-3915-4DC4-A0C3-38A5D66CC747}.Debug|Any CPU.Build.0 = Debug|Any CPU
		{22F64A65-3915-4DC4-A0C3-38A5D66CC747}.Release|Any CPU.ActiveCfg = Release|Any CPU
		{22F64A65-3915-4DC4-A0C3-38A5D66CC747}.Release|Any CPU.Build.0 = Release|Any CPU
		{D2CD32FF-8FAB-4FB6-B37D-AD1D7EF36EE8}.Debug|Any CPU.ActiveCfg = Debug|Any CPU
		{D2CD32FF-8FAB-4FB6-B37D-AD1D7EF36EE8}.Debug|Any CPU.Build.0 = Debug|Any CPU
		{D2CD32FF-8FAB-4FB6-B37D-AD1D7EF36EE8}.Release|Any CPU.ActiveCfg = Release|Any CPU
		{D2CD32FF-8FAB-4FB6-B37D-AD1D7EF36EE8}.Release|Any CPU.Build.0 = Release|Any CPU
		{C0A3C3C3-FBC0-466C-B51B-F01D35BA751C}.Debug|Any CPU.ActiveCfg = Debug|Any CPU
		{C0A3C3C3-FBC0-466C-B51B-F01D35BA751C}.Debug|Any CPU.Build.0 = Debug|Any CPU
		{C0A3C3C3-FBC0-466C-B51B-F01D35BA751C}.Release|Any CPU.ActiveCfg = Release|Any CPU
		{C0A3C3C3-FBC0-466C-B51B-F01D35BA751C}.Release|Any CPU.Build.0 = Release|Any CPU
		{2E0F9E0F-8217-4831-9312-6CC01EC51628}.Debug|Any CPU.ActiveCfg = Debug|Any CPU
		{2E0F9E0F-8217-4831-9312-6CC01EC51628}.Debug|Any CPU.Build.0 = Debug|Any CPU
		{2E0F9E0F-8217-4831-9312-6CC01EC51628}.Release|Any CPU.ActiveCfg = Release|Any CPU
		{2E0F9E0F-8217-4831-9312-6CC01EC51628}.Release|Any CPU.Build.0 = Release|Any CPU
		{14F44328-C3CB-4AFF-A661-E8143607F21D}.Debug|Any CPU.ActiveCfg = Debug|Any CPU
		{14F44328-C3CB-4AFF-A661-E8143607F21D}.Debug|Any CPU.Build.0 = Debug|Any CPU
		{14F44328-C3CB-4AFF-A661-E8143607F21D}.Release|Any CPU.ActiveCfg = Release|Any CPU
		{14F44328-C3CB-4AFF-A661-E8143607F21D}.Release|Any CPU.Build.0 = Release|Any CPU
		{CFED8CF7-FAB8-404B-A516-761CEE0D6EF3}.Debug|Any CPU.ActiveCfg = Debug|Any CPU
		{CFED8CF7-FAB8-404B-A516-761CEE0D6EF3}.Debug|Any CPU.Build.0 = Debug|Any CPU
		{CFED8CF7-FAB8-404B-A516-761CEE0D6EF3}.Release|Any CPU.ActiveCfg = Release|Any CPU
		{CFED8CF7-FAB8-404B-A516-761CEE0D6EF3}.Release|Any CPU.Build.0 = Release|Any CPU
		{0DBEF556-B415-423C-A811-84C58E4F8EE1}.Debug|Any CPU.ActiveCfg = Debug|Any CPU
		{0DBEF556-B415-423C-A811-84C58E4F8EE1}.Debug|Any CPU.Build.0 = Debug|Any CPU
		{0DBEF556-B415-423C-A811-84C58E4F8EE1}.Release|Any CPU.ActiveCfg = Release|Any CPU
		{0DBEF556-B415-423C-A811-84C58E4F8EE1}.Release|Any CPU.Build.0 = Release|Any CPU
		{C4F5BB20-8D36-4D49-A08E-E07D64DB0549}.Debug|Any CPU.ActiveCfg = Debug|Any CPU
		{C4F5BB20-8D36-4D49-A08E-E07D64DB0549}.Debug|Any CPU.Build.0 = Debug|Any CPU
		{C4F5BB20-8D36-4D49-A08E-E07D64DB0549}.Release|Any CPU.ActiveCfg = Release|Any CPU
		{C4F5BB20-8D36-4D49-A08E-E07D64DB0549}.Release|Any CPU.Build.0 = Release|Any CPU
		{430BF5F2-AF6A-45EF-A5B7-3AA05C117B9A}.Debug|Any CPU.ActiveCfg = Debug|Any CPU
		{430BF5F2-AF6A-45EF-A5B7-3AA05C117B9A}.Debug|Any CPU.Build.0 = Debug|Any CPU
		{430BF5F2-AF6A-45EF-A5B7-3AA05C117B9A}.Release|Any CPU.ActiveCfg = Release|Any CPU
		{430BF5F2-AF6A-45EF-A5B7-3AA05C117B9A}.Release|Any CPU.Build.0 = Release|Any CPU
	EndGlobalSection
	GlobalSection(SolutionProperties) = preSolution
		HideSolutionNode = FALSE
	EndGlobalSection
	GlobalSection(NestedProjects) = preSolution
		{D1642594-449E-498A-95CF-CF2F9B9698AE} = {E2132E21-231B-4172-8CE0-2FCB1B6FD5FB}
		{9871D9A4-037E-414E-BF01-1A5E9D6762FF} = {E2132E21-231B-4172-8CE0-2FCB1B6FD5FB}
		{7D6942EF-7F6D-4F4E-80F8-266FD89D1270} = {D1642594-449E-498A-95CF-CF2F9B9698AE}
		{DB817BCA-D17E-4F7B-A268-03BC287C197C} = {3511343F-AEC7-4E8B-8A2B-2CA832B89C18}
		{22F64A65-3915-4DC4-A0C3-38A5D66CC747} = {B9A6AA09-F3DD-4959-8FD8-E33B7796CB79}
		{D2CD32FF-8FAB-4FB6-B37D-AD1D7EF36EE8} = {B9A6AA09-F3DD-4959-8FD8-E33B7796CB79}
		{C0A3C3C3-FBC0-466C-B51B-F01D35BA751C} = {B9A6AA09-F3DD-4959-8FD8-E33B7796CB79}
		{2E0F9E0F-8217-4831-9312-6CC01EC51628} = {B9A6AA09-F3DD-4959-8FD8-E33B7796CB79}
		{14F44328-C3CB-4AFF-A661-E8143607F21D} = {3AA6F247-1D94-4771-8F76-9CA57F561C2F}
		{CFED8CF7-FAB8-404B-A516-761CEE0D6EF3} = {006B400C-09A3-4CF3-8245-99A00CF9F578}
		{0DBEF556-B415-423C-A811-84C58E4F8EE1} = {9871D9A4-037E-414E-BF01-1A5E9D6762FF}
		{C4F5BB20-8D36-4D49-A08E-E07D64DB0549} = {9871D9A4-037E-414E-BF01-1A5E9D6762FF}
		{430BF5F2-AF6A-45EF-A5B7-3AA05C117B9A} = {7D6942EF-7F6D-4F4E-80F8-266FD89D1270}
	EndGlobalSection
	GlobalSection(ExtensibilityGlobals) = postSolution
		SolutionGuid = {D02884F8-059A-43AE-B560-ED658FD9F732}
	EndGlobalSection
EndGlobal
