
Microsoft Visual Studio Solution File, Format Version 12.00
# Visual Studio Version 17
VisualStudioVersion = 17.4.33110.190
MinimumVisualStudioVersion = 10.0.40219.1
Project("{9A19103F-16F7-4668-BE54-9A1E7A4F7556}") = "ApiGateway", "FridgeManager.OcelotApiGateway\ApiGateway.csproj", "{D79A5A0F-116E-4944-A3A6-1E2F7FCC041E}"
EndProject
Project("{9A19103F-16F7-4668-BE54-9A1E7A4F7556}") = "HealthChecks", "FridgeManager.HealthChecks\HealthChecks.csproj", "{30A0E7F0-0D68-4238-9C68-B85DF9C78AFA}"
EndProject
Project("{9A19103F-16F7-4668-BE54-9A1E7A4F7556}") = "AuthService", "FridgeManager.AuthMicroService\AuthService.csproj", "{7A1067A6-FDFB-4E42-B19B-850DCFFA3514}"
EndProject
Project("{9A19103F-16F7-4668-BE54-9A1E7A4F7556}") = "FridgesService", "FridgeManager.FridgesMicroService\FridgesService.csproj", "{D444FE9E-BB2A-4F72-A97A-60A9617BEE44}"
EndProject
Project("{9A19103F-16F7-4668-BE54-9A1E7A4F7556}") = "ProductsService", "FridgeManager.ProductsMicroService\ProductsService.csproj", "{DD639C64-E71C-4336-BBBA-D394E08FB354}"
EndProject
Project("{9A19103F-16F7-4668-BE54-9A1E7A4F7556}") = "FridgeManager.Shared", "FridgeManager.Shared\FridgeManager.Shared.csproj", "{3D0B59E6-CEB1-4D13-B1AD-1D2860C26BB7}"
EndProject
Project("{9A19103F-16F7-4668-BE54-9A1E7A4F7556}") = "AuthService.IntegrationTests", "AuthMicroService.Tests\AuthService.IntegrationTests.csproj", "{5814BF37-75AB-49C3-8645-A91A7E309BA3}"
EndProject
Project("{9A19103F-16F7-4668-BE54-9A1E7A4F7556}") = "FridgeService.IntegrationTests", "FridgeMicroService.IntegrationTests\FridgeService.IntegrationTests.csproj", "{1FDDE8C5-488B-4F37-8502-4D748B92F4D7}"
EndProject
Project("{9A19103F-16F7-4668-BE54-9A1E7A4F7556}") = "ProductsService.Tests", "FridgeManager.ProductsMicroService.Tests\ProductsService.Tests.csproj", "{6C837C3C-6A9A-4EC0-949C-A4A52EFD6470}"
EndProject
Project("{9A19103F-16F7-4668-BE54-9A1E7A4F7556}") = "ReportAzureFunction", "FridgeManager.ReportAzureFunction\ReportAzureFunction.csproj", "{EBF9DEC4-6E51-463B-B36B-993CF11D8D39}"
EndProject
Project("{2150E333-8FDC-42A3-9474-1A3956D46DE8}") = "Tests", "Tests", "{E2132E21-231B-4172-8CE0-2FCB1B6FD5FB}"
EndProject
Project("{2150E333-8FDC-42A3-9474-1A3956D46DE8}") = "Unit", "Unit", "{D1642594-449E-498A-95CF-CF2F9B9698AE}"
EndProject
Project("{2150E333-8FDC-42A3-9474-1A3956D46DE8}") = "Integration", "Integration", "{9871D9A4-037E-414E-BF01-1A5E9D6762FF}"
EndProject
Project("{2150E333-8FDC-42A3-9474-1A3956D46DE8}") = "Services", "Services", "{7D6942EF-7F6D-4F4E-80F8-266FD89D1270}"
EndProject
Project("{2150E333-8FDC-42A3-9474-1A3956D46DE8}") = "Shared", "Shared", "{006B400C-09A3-4CF3-8245-99A00CF9F578}"
EndProject
Project("{2150E333-8FDC-42A3-9474-1A3956D46DE8}") = "Services", "Services", "{B9A6AA09-F3DD-4959-8FD8-E33B7796CB79}"
EndProject
Project("{2150E333-8FDC-42A3-9474-1A3956D46DE8}") = "Functions", "Functions", "{3511343F-AEC7-4E8B-8A2B-2CA832B89C18}"
EndProject
Project("{2150E333-8FDC-42A3-9474-1A3956D46DE8}") = "Gateways", "Gateways", "{3AA6F247-1D94-4771-8F76-9CA57F561C2F}"
EndProject
Global
	GlobalSection(SolutionConfigurationPlatforms) = preSolution
		Debug|Any CPU = Debug|Any CPU
		Release|Any CPU = Release|Any CPU
	EndGlobalSection
	GlobalSection(ProjectConfigurationPlatforms) = postSolution
		{D79A5A0F-116E-4944-A3A6-1E2F7FCC041E}.Debug|Any CPU.ActiveCfg = Debug|Any CPU
		{D79A5A0F-116E-4944-A3A6-1E2F7FCC041E}.Debug|Any CPU.Build.0 = Debug|Any CPU
		{D79A5A0F-116E-4944-A3A6-1E2F7FCC041E}.Release|Any CPU.ActiveCfg = Release|Any CPU
		{D79A5A0F-116E-4944-A3A6-1E2F7FCC041E}.Release|Any CPU.Build.0 = Release|Any CPU
		{30A0E7F0-0D68-4238-9C68-B85DF9C78AFA}.Debug|Any CPU.ActiveCfg = Debug|Any CPU
		{30A0E7F0-0D68-4238-9C68-B85DF9C78AFA}.Debug|Any CPU.Build.0 = Debug|Any CPU
		{30A0E7F0-0D68-4238-9C68-B85DF9C78AFA}.Release|Any CPU.ActiveCfg = Release|Any CPU
		{30A0E7F0-0D68-4238-9C68-B85DF9C78AFA}.Release|Any CPU.Build.0 = Release|Any CPU
		{7A1067A6-FDFB-4E42-B19B-850DCFFA3514}.Debug|Any CPU.ActiveCfg = Debug|Any CPU
		{7A1067A6-FDFB-4E42-B19B-850DCFFA3514}.Debug|Any CPU.Build.0 = Debug|Any CPU
		{7A1067A6-FDFB-4E42-B19B-850DCFFA3514}.Release|Any CPU.ActiveCfg = Release|Any CPU
		{7A1067A6-FDFB-4E42-B19B-850DCFFA3514}.Release|Any CPU.Build.0 = Release|Any CPU
		{D444FE9E-BB2A-4F72-A97A-60A9617BEE44}.Debug|Any CPU.ActiveCfg = Debug|Any CPU
		{D444FE9E-BB2A-4F72-A97A-60A9617BEE44}.Debug|Any CPU.Build.0 = Debug|Any CPU
		{D444FE9E-BB2A-4F72-A97A-60A9617BEE44}.Release|Any CPU.ActiveCfg = Release|Any CPU
		{D444FE9E-BB2A-4F72-A97A-60A9617BEE44}.Release|Any CPU.Build.0 = Release|Any CPU
		{DD639C64-E71C-4336-BBBA-D394E08FB354}.Debug|Any CPU.ActiveCfg = Debug|Any CPU
		{DD639C64-E71C-4336-BBBA-D394E08FB354}.Debug|Any CPU.Build.0 = Debug|Any CPU
		{DD639C64-E71C-4336-BBBA-D394E08FB354}.Release|Any CPU.ActiveCfg = Release|Any CPU
		{DD639C64-E71C-4336-BBBA-D394E08FB354}.Release|Any CPU.Build.0 = Release|Any CPU
		{3D0B59E6-CEB1-4D13-B1AD-1D2860C26BB7}.Debug|Any CPU.ActiveCfg = Debug|Any CPU
		{3D0B59E6-CEB1-4D13-B1AD-1D2860C26BB7}.Debug|Any CPU.Build.0 = Debug|Any CPU
		{3D0B59E6-CEB1-4D13-B1AD-1D2860C26BB7}.Release|Any CPU.ActiveCfg = Release|Any CPU
		{3D0B59E6-CEB1-4D13-B1AD-1D2860C26BB7}.Release|Any CPU.Build.0 = Release|Any CPU
		{5814BF37-75AB-49C3-8645-A91A7E309BA3}.Debug|Any CPU.ActiveCfg = Debug|Any CPU
		{5814BF37-75AB-49C3-8645-A91A7E309BA3}.Debug|Any CPU.Build.0 = Debug|Any CPU
		{5814BF37-75AB-49C3-8645-A91A7E309BA3}.Release|Any CPU.ActiveCfg = Release|Any CPU
		{5814BF37-75AB-49C3-8645-A91A7E309BA3}.Release|Any CPU.Build.0 = Release|Any CPU
		{1FDDE8C5-488B-4F37-8502-4D748B92F4D7}.Debug|Any CPU.ActiveCfg = Debug|Any CPU
		{1FDDE8C5-488B-4F37-8502-4D748B92F4D7}.Debug|Any CPU.Build.0 = Debug|Any CPU
		{1FDDE8C5-488B-4F37-8502-4D748B92F4D7}.Release|Any CPU.ActiveCfg = Release|Any CPU
		{1FDDE8C5-488B-4F37-8502-4D748B92F4D7}.Release|Any CPU.Build.0 = Release|Any CPU
		{6C837C3C-6A9A-4EC0-949C-A4A52EFD6470}.Debug|Any CPU.ActiveCfg = Debug|Any CPU
		{6C837C3C-6A9A-4EC0-949C-A4A52EFD6470}.Debug|Any CPU.Build.0 = Debug|Any CPU
		{6C837C3C-6A9A-4EC0-949C-A4A52EFD6470}.Release|Any CPU.ActiveCfg = Release|Any CPU
		{6C837C3C-6A9A-4EC0-949C-A4A52EFD6470}.Release|Any CPU.Build.0 = Release|Any CPU
		{EBF9DEC4-6E51-463B-B36B-993CF11D8D39}.Debug|Any CPU.ActiveCfg = Debug|Any CPU
		{EBF9DEC4-6E51-463B-B36B-993CF11D8D39}.Debug|Any CPU.Build.0 = Debug|Any CPU
		{EBF9DEC4-6E51-463B-B36B-993CF11D8D39}.Release|Any CPU.ActiveCfg = Release|Any CPU
		{EBF9DEC4-6E51-463B-B36B-993CF11D8D39}.Release|Any CPU.Build.0 = Release|Any CPU
	EndGlobalSection
	GlobalSection(SolutionProperties) = preSolution
		HideSolutionNode = FALSE
	EndGlobalSection
	GlobalSection(NestedProjects) = preSolution
		{D79A5A0F-116E-4944-A3A6-1E2F7FCC041E} = {3AA6F247-1D94-4771-8F76-9CA57F561C2F}
		{30A0E7F0-0D68-4238-9C68-B85DF9C78AFA} = {B9A6AA09-F3DD-4959-8FD8-E33B7796CB79}
		{7A1067A6-FDFB-4E42-B19B-850DCFFA3514} = {B9A6AA09-F3DD-4959-8FD8-E33B7796CB79}
		{D444FE9E-BB2A-4F72-A97A-60A9617BEE44} = {B9A6AA09-F3DD-4959-8FD8-E33B7796CB79}
		{DD639C64-E71C-4336-BBBA-D394E08FB354} = {B9A6AA09-F3DD-4959-8FD8-E33B7796CB79}
		{3D0B59E6-CEB1-4D13-B1AD-1D2860C26BB7} = {006B400C-09A3-4CF3-8245-99A00CF9F578}
		{5814BF37-75AB-49C3-8645-A91A7E309BA3} = {9871D9A4-037E-414E-BF01-1A5E9D6762FF}
		{1FDDE8C5-488B-4F37-8502-4D748B92F4D7} = {9871D9A4-037E-414E-BF01-1A5E9D6762FF}
		{6C837C3C-6A9A-4EC0-949C-A4A52EFD6470} = {7D6942EF-7F6D-4F4E-80F8-266FD89D1270}
		{EBF9DEC4-6E51-463B-B36B-993CF11D8D39} = {3511343F-AEC7-4E8B-8A2B-2CA832B89C18}
		{D1642594-449E-498A-95CF-CF2F9B9698AE} = {E2132E21-231B-4172-8CE0-2FCB1B6FD5FB}
		{9871D9A4-037E-414E-BF01-1A5E9D6762FF} = {E2132E21-231B-4172-8CE0-2FCB1B6FD5FB}
		{7D6942EF-7F6D-4F4E-80F8-266FD89D1270} = {D1642594-449E-498A-95CF-CF2F9B9698AE}
	EndGlobalSection
	GlobalSection(ExtensibilityGlobals) = postSolution
		SolutionGuid = {D02884F8-059A-43AE-B560-ED658FD9F732}
	EndGlobalSection
EndGlobal
