
Microsoft Visual Studio Solution File, Format Version 12.00
# Visual Studio Version 16
VisualStudioVersion = 16.0.32602.291
MinimumVisualStudioVersion = 10.0.40219.1
Project("{9A19103F-16F7-4668-BE54-9A1E7A4F7556}") = "Fridge.API", "Fridge.API\Fridge.API.csproj", "{F2DB1E1E-58C0-42AF-9216-40A4C01F5FFC}"
EndProject
Project("{9A19103F-16F7-4668-BE54-9A1E7A4F7556}") = "Contracts", "Interfaces\Contracts.csproj", "{F7D0CAA4-C621-477D-B350-CF67FAA08AAA}"
EndProject
Project("{9A19103F-16F7-4668-BE54-9A1E7A4F7556}") = "Entities", "Entities\Entities.csproj", "{4BD464E3-C620-48FD-95BE-B300D0E65E4B}"
EndProject
Project("{9A19103F-16F7-4668-BE54-9A1E7A4F7556}") = "Repository", "Repository\Repository.csproj", "{43038FFC-D10A-4A17-A649-520FDE600550}"
EndProject
Project("{9A19103F-16F7-4668-BE54-9A1E7A4F7556}") = "ImageService", "ImageService\ImageService.csproj", "{4BAD5853-F623-4E46-A3D8-26B88375B869}"
EndProject
Project("{9A19103F-16F7-4668-BE54-9A1E7A4F7556}") = "AuthService", "AuthService\AuthService.csproj", "{E0489B61-CBC1-4060-9F3F-3D43C496FF9C}"
EndProject
Project("{9A19103F-16F7-4668-BE54-9A1E7A4F7556}") = "Fridge.API.Tests", "Fridge.API.Tests\Fridge.API.Tests.csproj", "{999AC7A6-357B-4D50-87E0-B33636C7B466}"
EndProject
Global
	GlobalSection(SolutionConfigurationPlatforms) = preSolution
		Debug|Any CPU = Debug|Any CPU
		Release|Any CPU = Release|Any CPU
	EndGlobalSection
	GlobalSection(ProjectConfigurationPlatforms) = postSolution
		{F2DB1E1E-58C0-42AF-9216-40A4C01F5FFC}.Debug|Any CPU.ActiveCfg = Debug|Any CPU
		{F2DB1E1E-58C0-42AF-9216-40A4C01F5FFC}.Debug|Any CPU.Build.0 = Debug|Any CPU
		{F2DB1E1E-58C0-42AF-9216-40A4C01F5FFC}.Release|Any CPU.ActiveCfg = Release|Any CPU
		{F2DB1E1E-58C0-42AF-9216-40A4C01F5FFC}.Release|Any CPU.Build.0 = Release|Any CPU
		{F7D0CAA4-C621-477D-B350-CF67FAA08AAA}.Debug|Any CPU.ActiveCfg = Debug|Any CPU
		{F7D0CAA4-C621-477D-B350-CF67FAA08AAA}.Debug|Any CPU.Build.0 = Debug|Any CPU
		{F7D0CAA4-C621-477D-B350-CF67FAA08AAA}.Release|Any CPU.ActiveCfg = Release|Any CPU
		{F7D0CAA4-C621-477D-B350-CF67FAA08AAA}.Release|Any CPU.Build.0 = Release|Any CPU
		{4BD464E3-C620-48FD-95BE-B300D0E65E4B}.Debug|Any CPU.ActiveCfg = Debug|Any CPU
		{4BD464E3-C620-48FD-95BE-B300D0E65E4B}.Debug|Any CPU.Build.0 = Debug|Any CPU
		{4BD464E3-C620-48FD-95BE-B300D0E65E4B}.Release|Any CPU.ActiveCfg = Release|Any CPU
		{4BD464E3-C620-48FD-95BE-B300D0E65E4B}.Release|Any CPU.Build.0 = Release|Any CPU
		{43038FFC-D10A-4A17-A649-520FDE600550}.Debug|Any CPU.ActiveCfg = Debug|Any CPU
		{43038FFC-D10A-4A17-A649-520FDE600550}.Debug|Any CPU.Build.0 = Debug|Any CPU
		{43038FFC-D10A-4A17-A649-520FDE600550}.Release|Any CPU.ActiveCfg = Release|Any CPU
		{43038FFC-D10A-4A17-A649-520FDE600550}.Release|Any CPU.Build.0 = Release|Any CPU
		{4BAD5853-F623-4E46-A3D8-26B88375B869}.Debug|Any CPU.ActiveCfg = Debug|Any CPU
		{4BAD5853-F623-4E46-A3D8-26B88375B869}.Debug|Any CPU.Build.0 = Debug|Any CPU
		{4BAD5853-F623-4E46-A3D8-26B88375B869}.Release|Any CPU.ActiveCfg = Release|Any CPU
		{4BAD5853-F623-4E46-A3D8-26B88375B869}.Release|Any CPU.Build.0 = Release|Any CPU
		{E0489B61-CBC1-4060-9F3F-3D43C496FF9C}.Debug|Any CPU.ActiveCfg = Debug|Any CPU
		{E0489B61-CBC1-4060-9F3F-3D43C496FF9C}.Debug|Any CPU.Build.0 = Debug|Any CPU
		{E0489B61-CBC1-4060-9F3F-3D43C496FF9C}.Release|Any CPU.ActiveCfg = Release|Any CPU
		{E0489B61-CBC1-4060-9F3F-3D43C496FF9C}.Release|Any CPU.Build.0 = Release|Any CPU
		{999AC7A6-357B-4D50-87E0-B33636C7B466}.Debug|Any CPU.ActiveCfg = Debug|Any CPU
		{999AC7A6-357B-4D50-87E0-B33636C7B466}.Debug|Any CPU.Build.0 = Debug|Any CPU
		{999AC7A6-357B-4D50-87E0-B33636C7B466}.Release|Any CPU.ActiveCfg = Release|Any CPU
		{999AC7A6-357B-4D50-87E0-B33636C7B466}.Release|Any CPU.Build.0 = Release|Any CPU
	EndGlobalSection
	GlobalSection(SolutionProperties) = preSolution
		HideSolutionNode = FALSE
	EndGlobalSection
	GlobalSection(ExtensibilityGlobals) = postSolution
		SolutionGuid = {D02884F8-059A-43AE-B560-ED658FD9F732}
	EndGlobalSection
EndGlobal
